
Microsoft Visual Studio Solution File, Format Version 12.00
# Visual Studio Version 16
VisualStudioVersion = 16.0.30611.23
MinimumVisualStudioVersion = 10.0.40219.1
Project("{FAE04EC0-301F-11D3-BF4B-00C04F79EFBC}") = "Day3", "Day3.csproj", "{C2691368-9596-4886-A1D3-8F55D7295C40}"
EndProject
Global
	GlobalSection(SolutionConfigurationPlatforms) = preSolution
		Debug|Any CPU = Debug|Any CPU
		Release|Any CPU = Release|Any CPU
	EndGlobalSection
	GlobalSection(ProjectConfigurationPlatforms) = postSolution
		{C2691368-9596-4886-A1D3-8F55D7295C40}.Debug|Any CPU.ActiveCfg = Debug|Any CPU
		{C2691368-9596-4886-A1D3-8F55D7295C40}.Debug|Any CPU.Build.0 = Debug|Any CPU
		{C2691368-9596-4886-A1D3-8F55D7295C40}.Release|Any CPU.ActiveCfg = Release|Any CPU
		{C2691368-9596-4886-A1D3-8F55D7295C40}.Release|Any CPU.Build.0 = Release|Any CPU
	EndGlobalSection
	GlobalSection(SolutionProperties) = preSolution
		HideSolutionNode = FALSE
	EndGlobalSection
	GlobalSection(ExtensibilityGlobals) = postSolution
		SolutionGuid = {D0CB5169-34DE-41CB-9577-4F785226D8B6}
	EndGlobalSection
EndGlobal
